
Microsoft Visual Studio Solution File, Format Version 12.00
Project("{2150E333-8FDC-42A3-9474-1A3956D46DE8}") = "src", "src", "{CBF1B77D-587D-4C42-B231-8E29FC16C792}"
EndProject
Project("{FAE04EC0-301F-11D3-BF4B-00C04F79EFBC}") = "Nado.Common", "src\Nado.Common\Nado.Common.csproj", "{3E80E85B-015A-45F5-91D5-AE770A23622C}"
EndProject
Project("{FAE04EC0-301F-11D3-BF4B-00C04F79EFBC}") = "Nado.Blake2Sharp", "src\Nado.Blake2Sharp\Nado.Blake2Sharp.csproj", "{971C511A-81C7-4018-ADB8-E12CFCFCAE2E}"
EndProject
Project("{2150E333-8FDC-42A3-9474-1A3956D46DE8}") = "test", "test", "{635B39D3-44AF-4D0D-A347-14537E50878B}"
EndProject
Project("{FAE04EC0-301F-11D3-BF4B-00C04F79EFBC}") = "Nado.Blake2Sharp.UnitTests", "test\Nado.Blake2Sharp.UnitTests\Nado.Blake2Sharp.UnitTests.csproj", "{C0D60C47-FC57-41F9-B10E-B07393951AD2}"
EndProject
Project("{FAE04EC0-301F-11D3-BF4B-00C04F79EFBC}") = "Nado.Nanoid.UnitTests", "test\Nado.Nanoid.UnitTests\Nado.Nanoid.UnitTests.csproj", "{EC2F63F6-C85D-4920-A17A-D9749DFE3672}"
EndProject
Project("{FAE04EC0-301F-11D3-BF4B-00C04F79EFBC}") = "Nado.ApiClient", "src\Nado.ApiClient\Nado.ApiClient.csproj", "{7E93A429-6852-4C20-AF95-7C6F567E1578}"
EndProject
Project("{FAE04EC0-301F-11D3-BF4B-00C04F79EFBC}") = "Nado.Nanoid", "src\Nado.Nanoid\Nado.Nanoid.csproj", "{8E1ECF29-1ED6-4491-95B2-1DEECD05812C}"
EndProject
Project("{FAE04EC0-301F-11D3-BF4B-00C04F79EFBC}") = "Nado.Signer", "src\Nado.Signer\Nado.Signer.csproj", "{A5F67268-4E68-45D8-BD6C-6E43DF5202AC}"
EndProject
Project("{FAE04EC0-301F-11D3-BF4B-00C04F79EFBC}") = "Nado.Common.UnitTests", "test\Nado.Common.UnitTests\Nado.Common.UnitTests.csproj", "{D6AE9BB4-40F5-45F8-9018-C6EED98BAEC8}"
EndProject
Project("{2150E333-8FDC-42A3-9474-1A3956D46DE8}") = "Solution Items", "Solution Items", "{A09AE8B1-F2F8-4790-AB90-B1C2FE22A353}"
	ProjectSection(SolutionItems) = preProject
		README.md = README.md
	EndProjectSection
EndProject
Global
	GlobalSection(SolutionConfigurationPlatforms) = preSolution
		Debug|Any CPU = Debug|Any CPU
		Release|Any CPU = Release|Any CPU
	EndGlobalSection
	GlobalSection(NestedProjects) = preSolution
		{3E80E85B-015A-45F5-91D5-AE770A23622C} = {CBF1B77D-587D-4C42-B231-8E29FC16C792}
		{971C511A-81C7-4018-ADB8-E12CFCFCAE2E} = {CBF1B77D-587D-4C42-B231-8E29FC16C792}
		{C0D60C47-FC57-41F9-B10E-B07393951AD2} = {635B39D3-44AF-4D0D-A347-14537E50878B}
		{EC2F63F6-C85D-4920-A17A-D9749DFE3672} = {635B39D3-44AF-4D0D-A347-14537E50878B}
		{7E93A429-6852-4C20-AF95-7C6F567E1578} = {CBF1B77D-587D-4C42-B231-8E29FC16C792}
		{8E1ECF29-1ED6-4491-95B2-1DEECD05812C} = {CBF1B77D-587D-4C42-B231-8E29FC16C792}
		{A5F67268-4E68-45D8-BD6C-6E43DF5202AC} = {CBF1B77D-587D-4C42-B231-8E29FC16C792}
		{D6AE9BB4-40F5-45F8-9018-C6EED98BAEC8} = {635B39D3-44AF-4D0D-A347-14537E50878B}
	EndGlobalSection
	GlobalSection(ProjectConfigurationPlatforms) = postSolution
		{3E80E85B-015A-45F5-91D5-AE770A23622C}.Debug|Any CPU.ActiveCfg = Debug|Any CPU
		{3E80E85B-015A-45F5-91D5-AE770A23622C}.Debug|Any CPU.Build.0 = Debug|Any CPU
		{3E80E85B-015A-45F5-91D5-AE770A23622C}.Release|Any CPU.ActiveCfg = Release|Any CPU
		{3E80E85B-015A-45F5-91D5-AE770A23622C}.Release|Any CPU.Build.0 = Release|Any CPU
		{971C511A-81C7-4018-ADB8-E12CFCFCAE2E}.Debug|Any CPU.ActiveCfg = Debug|Any CPU
		{971C511A-81C7-4018-ADB8-E12CFCFCAE2E}.Debug|Any CPU.Build.0 = Debug|Any CPU
		{971C511A-81C7-4018-ADB8-E12CFCFCAE2E}.Release|Any CPU.ActiveCfg = Release|Any CPU
		{971C511A-81C7-4018-ADB8-E12CFCFCAE2E}.Release|Any CPU.Build.0 = Release|Any CPU
		{C0D60C47-FC57-41F9-B10E-B07393951AD2}.Debug|Any CPU.ActiveCfg = Debug|Any CPU
		{C0D60C47-FC57-41F9-B10E-B07393951AD2}.Debug|Any CPU.Build.0 = Debug|Any CPU
		{C0D60C47-FC57-41F9-B10E-B07393951AD2}.Release|Any CPU.ActiveCfg = Release|Any CPU
		{C0D60C47-FC57-41F9-B10E-B07393951AD2}.Release|Any CPU.Build.0 = Release|Any CPU
		{EC2F63F6-C85D-4920-A17A-D9749DFE3672}.Debug|Any CPU.ActiveCfg = Debug|Any CPU
		{EC2F63F6-C85D-4920-A17A-D9749DFE3672}.Debug|Any CPU.Build.0 = Debug|Any CPU
		{EC2F63F6-C85D-4920-A17A-D9749DFE3672}.Release|Any CPU.ActiveCfg = Release|Any CPU
		{EC2F63F6-C85D-4920-A17A-D9749DFE3672}.Release|Any CPU.Build.0 = Release|Any CPU
		{7E93A429-6852-4C20-AF95-7C6F567E1578}.Debug|Any CPU.ActiveCfg = Debug|Any CPU
		{7E93A429-6852-4C20-AF95-7C6F567E1578}.Debug|Any CPU.Build.0 = Debug|Any CPU
		{7E93A429-6852-4C20-AF95-7C6F567E1578}.Release|Any CPU.ActiveCfg = Release|Any CPU
		{7E93A429-6852-4C20-AF95-7C6F567E1578}.Release|Any CPU.Build.0 = Release|Any CPU
		{8E1ECF29-1ED6-4491-95B2-1DEECD05812C}.Debug|Any CPU.ActiveCfg = Debug|Any CPU
		{8E1ECF29-1ED6-4491-95B2-1DEECD05812C}.Debug|Any CPU.Build.0 = Debug|Any CPU
		{8E1ECF29-1ED6-4491-95B2-1DEECD05812C}.Release|Any CPU.ActiveCfg = Release|Any CPU
		{8E1ECF29-1ED6-4491-95B2-1DEECD05812C}.Release|Any CPU.Build.0 = Release|Any CPU
		{A5F67268-4E68-45D8-BD6C-6E43DF5202AC}.Debug|Any CPU.ActiveCfg = Debug|Any CPU
		{A5F67268-4E68-45D8-BD6C-6E43DF5202AC}.Debug|Any CPU.Build.0 = Debug|Any CPU
		{A5F67268-4E68-45D8-BD6C-6E43DF5202AC}.Release|Any CPU.ActiveCfg = Release|Any CPU
		{A5F67268-4E68-45D8-BD6C-6E43DF5202AC}.Release|Any CPU.Build.0 = Release|Any CPU
		{D6AE9BB4-40F5-45F8-9018-C6EED98BAEC8}.Debug|Any CPU.ActiveCfg = Debug|Any CPU
		{D6AE9BB4-40F5-45F8-9018-C6EED98BAEC8}.Debug|Any CPU.Build.0 = Debug|Any CPU
		{D6AE9BB4-40F5-45F8-9018-C6EED98BAEC8}.Release|Any CPU.ActiveCfg = Release|Any CPU
		{D6AE9BB4-40F5-45F8-9018-C6EED98BAEC8}.Release|Any CPU.Build.0 = Release|Any CPU
	EndGlobalSection
EndGlobal
